
Microsoft Visual Studio Solution File, Format Version 12.00
# Visual Studio Version 16
VisualStudioVersion = 16.0.31129.286
MinimumVisualStudioVersion = 10.0.40219.1
Project("{FAE04EC0-301F-11D3-BF4B-00C04F79EFBC}") = "Assignment", "Assignment\Assignment.csproj", "{6CCE437B-7C34-47BE-9F23-6610BF7E9B9C}"
EndProject
Global
	GlobalSection(SolutionConfigurationPlatforms) = preSolution
		Debug|Any CPU = Debug|Any CPU
		Release|Any CPU = Release|Any CPU
	EndGlobalSection
	GlobalSection(ProjectConfigurationPlatforms) = postSolution
		{6CCE437B-7C34-47BE-9F23-6610BF7E9B9C}.Debug|Any CPU.ActiveCfg = Debug|Any CPU
		{6CCE437B-7C34-47BE-9F23-6610BF7E9B9C}.Debug|Any CPU.Build.0 = Debug|Any CPU
		{6CCE437B-7C34-47BE-9F23-6610BF7E9B9C}.Release|Any CPU.ActiveCfg = Release|Any CPU
		{6CCE437B-7C34-47BE-9F23-6610BF7E9B9C}.Release|Any CPU.Build.0 = Release|Any CPU
	EndGlobalSection
	GlobalSection(SolutionProperties) = preSolution
		HideSolutionNode = FALSE
	EndGlobalSection
	GlobalSection(ExtensibilityGlobals) = postSolution
		SolutionGuid = {F24C757C-875C-4B84-903D-9E75DCD42136}
	EndGlobalSection
EndGlobal
