
Microsoft Visual Studio Solution File, Format Version 12.00
# Visual Studio Version 16
VisualStudioVersion = 16.0.31129.286
MinimumVisualStudioVersion = 10.0.40219.1
Project("{FAE04EC0-301F-11D3-BF4B-00C04F79EFBC}") = "Lab7", "Lab7\Lab7.csproj", "{4C05A637-6847-4A26-9A57-AF124A37CA8B}"
EndProject
Project("{FAE04EC0-301F-11D3-BF4B-00C04F79EFBC}") = "Lab7Task1and2", "Lab7Task1and2\Lab7Task1and2.csproj", "{BDB9EE3A-B031-4C69-B818-43D30B86240D}"
EndProject
Global
	GlobalSection(SolutionConfigurationPlatforms) = preSolution
		Debug|Any CPU = Debug|Any CPU
		Release|Any CPU = Release|Any CPU
	EndGlobalSection
	GlobalSection(ProjectConfigurationPlatforms) = postSolution
		{4C05A637-6847-4A26-9A57-AF124A37CA8B}.Debug|Any CPU.ActiveCfg = Debug|Any CPU
		{4C05A637-6847-4A26-9A57-AF124A37CA8B}.Debug|Any CPU.Build.0 = Debug|Any CPU
		{4C05A637-6847-4A26-9A57-AF124A37CA8B}.Release|Any CPU.ActiveCfg = Release|Any CPU
		{4C05A637-6847-4A26-9A57-AF124A37CA8B}.Release|Any CPU.Build.0 = Release|Any CPU
		{BDB9EE3A-B031-4C69-B818-43D30B86240D}.Debug|Any CPU.ActiveCfg = Debug|Any CPU
		{BDB9EE3A-B031-4C69-B818-43D30B86240D}.Debug|Any CPU.Build.0 = Debug|Any CPU
		{BDB9EE3A-B031-4C69-B818-43D30B86240D}.Release|Any CPU.ActiveCfg = Release|Any CPU
		{BDB9EE3A-B031-4C69-B818-43D30B86240D}.Release|Any CPU.Build.0 = Release|Any CPU
	EndGlobalSection
	GlobalSection(SolutionProperties) = preSolution
		HideSolutionNode = FALSE
	EndGlobalSection
	GlobalSection(ExtensibilityGlobals) = postSolution
		SolutionGuid = {0FA2052B-A41C-4BCB-BE45-E83D2D2B757A}
	EndGlobalSection
EndGlobal
